// !$*UTF8*$!
{
	archiveVersion = 1;
	classes = {
	};
	objectVersion = 55;
	objects = {

/* Begin PBXBuildFile section */
		4C22E5A327D01DE7001A81E3 /* StateController.swift in Sources */ = {isa = PBXBuildFile; fileRef = 4C22E5A227D01DE7001A81E3 /* StateController.swift */; };
		4CF8C1A427CFF192003F53B9 /* MusiclByLocationProjectApp.swift in Sources */ = {isa = PBXBuildFile; fileRef = 4CF8C1A327CFF192003F53B9 /* MusiclByLocationProjectApp.swift */; };
		4CF8C1A627CFF192003F53B9 /* ContentView.swift in Sources */ = {isa = PBXBuildFile; fileRef = 4CF8C1A527CFF192003F53B9 /* ContentView.swift */; };
		4CF8C1A827CFF194003F53B9 /* Assets.xcassets in Resources */ = {isa = PBXBuildFile; fileRef = 4CF8C1A727CFF194003F53B9 /* Assets.xcassets */; };
		4CF8C1AB27CFF194003F53B9 /* Preview Assets.xcassets in Resources */ = {isa = PBXBuildFile; fileRef = 4CF8C1AA27CFF194003F53B9 /* Preview Assets.xcassets */; };
		4CF8C1B527CFF194003F53B9 /* MusiclByLocationProjectTests.swift in Sources */ = {isa = PBXBuildFile; fileRef = 4CF8C1B427CFF194003F53B9 /* MusiclByLocationProjectTests.swift */; };
		4CF8C1BF27CFF194003F53B9 /* MusiclByLocationProjectUITests.swift in Sources */ = {isa = PBXBuildFile; fileRef = 4CF8C1BE27CFF194003F53B9 /* MusiclByLocationProjectUITests.swift */; };
		4CF8C1C127CFF194003F53B9 /* MusiclByLocationProjectUITestsLaunchTests.swift in Sources */ = {isa = PBXBuildFile; fileRef = 4CF8C1C027CFF194003F53B9 /* MusiclByLocationProjectUITestsLaunchTests.swift */; };
		4CF8C1CE27CFF1E4003F53B9 /* LocationManager.swift in Sources */ = {isa = PBXBuildFile; fileRef = 4CF8C1CD27CFF1E4003F53B9 /* LocationManager.swift */; };
/* End PBXBuildFile section */

/* Begin PBXContainerItemProxy section */
		4CF8C1B127CFF194003F53B9 /* PBXContainerItemProxy */ = {
			isa = PBXContainerItemProxy;
			containerPortal = 4CF8C19827CFF192003F53B9 /* Project object */;
			proxyType = 1;
			remoteGlobalIDString = 4CF8C19F27CFF192003F53B9;
			remoteInfo = MusiclByLocationProject;
		};
		4CF8C1BB27CFF194003F53B9 /* PBXContainerItemProxy */ = {
			isa = PBXContainerItemProxy;
			containerPortal = 4CF8C19827CFF192003F53B9 /* Project object */;
			proxyType = 1;
			remoteGlobalIDString = 4CF8C19F27CFF192003F53B9;
			remoteInfo = MusiclByLocationProject;
		};
/* End PBXContainerItemProxy section */

/* Begin PBXFileReference section */
		4C22E5A127D00E38001A81E3 /* Info.plist */ = {isa = PBXFileReference; lastKnownFileType = text.plist; path = Info.plist; sourceTree = "<group>"; };
		4C22E5A227D01DE7001A81E3 /* StateController.swift */ = {isa = PBXFileReference; lastKnownFileType = sourcecode.swift; path = StateController.swift; sourceTree = "<group>"; };
		4CF8C1A027CFF192003F53B9 /* MusiclByLocationProject.app */ = {isa = PBXFileReference; explicitFileType = wrapper.application; includeInIndex = 0; path = MusiclByLocationProject.app; sourceTree = BUILT_PRODUCTS_DIR; };
		4CF8C1A327CFF192003F53B9 /* MusiclByLocationProjectApp.swift */ = {isa = PBXFileReference; lastKnownFileType = sourcecode.swift; path = MusiclByLocationProjectApp.swift; sourceTree = "<group>"; };
		4CF8C1A527CFF192003F53B9 /* ContentView.swift */ = {isa = PBXFileReference; lastKnownFileType = sourcecode.swift; path = ContentView.swift; sourceTree = "<group>"; };
		4CF8C1A727CFF194003F53B9 /* Assets.xcassets */ = {isa = PBXFileReference; lastKnownFileType = folder.assetcatalog; path = Assets.xcassets; sourceTree = "<group>"; };
		4CF8C1AA27CFF194003F53B9 /* Preview Assets.xcassets */ = {isa = PBXFileReference; lastKnownFileType = folder.assetcatalog; path = "Preview Assets.xcassets"; sourceTree = "<group>"; };
		4CF8C1B027CFF194003F53B9 /* MusiclByLocationProjectTests.xctest */ = {isa = PBXFileReference; explicitFileType = wrapper.cfbundle; includeInIndex = 0; path = MusiclByLocationProjectTests.xctest; sourceTree = BUILT_PRODUCTS_DIR; };
		4CF8C1B427CFF194003F53B9 /* MusiclByLocationProjectTests.swift */ = {isa = PBXFileReference; lastKnownFileType = sourcecode.swift; path = MusiclByLocationProjectTests.swift; sourceTree = "<group>"; };
		4CF8C1BA27CFF194003F53B9 /* MusiclByLocationProjectUITests.xctest */ = {isa = PBXFileReference; explicitFileType = wrapper.cfbundle; includeInIndex = 0; path = MusiclByLocationProjectUITests.xctest; sourceTree = BUILT_PRODUCTS_DIR; };
		4CF8C1BE27CFF194003F53B9 /* MusiclByLocationProjectUITests.swift */ = {isa = PBXFileReference; lastKnownFileType = sourcecode.swift; path = MusiclByLocationProjectUITests.swift; sourceTree = "<group>"; };
		4CF8C1C027CFF194003F53B9 /* MusiclByLocationProjectUITestsLaunchTests.swift */ = {isa = PBXFileReference; lastKnownFileType = sourcecode.swift; path = MusiclByLocationProjectUITestsLaunchTests.swift; sourceTree = "<group>"; };
		4CF8C1CD27CFF1E4003F53B9 /* LocationManager.swift */ = {isa = PBXFileReference; lastKnownFileType = sourcecode.swift; path = LocationManager.swift; sourceTree = "<group>"; };
/* End PBXFileReference section */

/* Begin PBXFrameworksBuildPhase section */
		4CF8C19D27CFF192003F53B9 /* Frameworks */ = {
			isa = PBXFrameworksBuildPhase;
			buildActionMask = 2147483647;
			files = (
			);
			runOnlyForDeploymentPostprocessing = 0;
		};
		4CF8C1AD27CFF194003F53B9 /* Frameworks */ = {
			isa = PBXFrameworksBuildPhase;
			buildActionMask = 2147483647;
			files = (
			);
			runOnlyForDeploymentPostprocessing = 0;
		};
		4CF8C1B727CFF194003F53B9 /* Frameworks */ = {
			isa = PBXFrameworksBuildPhase;
			buildActionMask = 2147483647;
			files = (
			);
			runOnlyForDeploymentPostprocessing = 0;
		};
/* End PBXFrameworksBuildPhase section */

/* Begin PBXGroup section */
		4CF8C19727CFF192003F53B9 = {
			isa = PBXGroup;
			children = (
				4CF8C1A227CFF192003F53B9 /* MusiclByLocationProject */,
				4CF8C1B327CFF194003F53B9 /* MusiclByLocationProjectTests */,
				4CF8C1BD27CFF194003F53B9 /* MusiclByLocationProjectUITests */,
				4CF8C1A127CFF192003F53B9 /* Products */,
			);
			sourceTree = "<group>";
		};
		4CF8C1A127CFF192003F53B9 /* Products */ = {
			isa = PBXGroup;
			children = (
				4CF8C1A027CFF192003F53B9 /* MusiclByLocationProject.app */,
				4CF8C1B027CFF194003F53B9 /* MusiclByLocationProjectTests.xctest */,
				4CF8C1BA27CFF194003F53B9 /* MusiclByLocationProjectUITests.xctest */,
			);
			name = Products;
			sourceTree = "<group>";
		};
		4CF8C1A227CFF192003F53B9 /* MusiclByLocationProject */ = {
			isa = PBXGroup;
			children = (
				4C22E5A127D00E38001A81E3 /* Info.plist */,
				4CF8C1A327CFF192003F53B9 /* MusiclByLocationProjectApp.swift */,
				4CF8C1A527CFF192003F53B9 /* ContentView.swift */,
				4CF8C1A727CFF194003F53B9 /* Assets.xcassets */,
				4CF8C1A927CFF194003F53B9 /* Preview Content */,
				4CF8C1CD27CFF1E4003F53B9 /* LocationManager.swift */,
				4C22E5A227D01DE7001A81E3 /* StateController.swift */,
			);
			path = MusiclByLocationProject;
			sourceTree = "<group>";
		};
		4CF8C1A927CFF194003F53B9 /* Preview Content */ = {
			isa = PBXGroup;
			children = (
				4CF8C1AA27CFF194003F53B9 /* Preview Assets.xcassets */,
			);
			path = "Preview Content";
			sourceTree = "<group>";
		};
		4CF8C1B327CFF194003F53B9 /* MusiclByLocationProjectTests */ = {
			isa = PBXGroup;
			children = (
				4CF8C1B427CFF194003F53B9 /* MusiclByLocationProjectTests.swift */,
			);
			path = MusiclByLocationProjectTests;
			sourceTree = "<group>";
		};
		4CF8C1BD27CFF194003F53B9 /* MusiclByLocationProjectUITests */ = {
			isa = PBXGroup;
			children = (
				4CF8C1BE27CFF194003F53B9 /* MusiclByLocationProjectUITests.swift */,
				4CF8C1C027CFF194003F53B9 /* MusiclByLocationProjectUITestsLaunchTests.swift */,
			);
			path = MusiclByLocationProjectUITests;
			sourceTree = "<group>";
		};
/* End PBXGroup section */

/* Begin PBXNativeTarget section */
		4CF8C19F27CFF192003F53B9 /* MusiclByLocationProject */ = {
			isa = PBXNativeTarget;
			buildConfigurationList = 4CF8C1C427CFF194003F53B9 /* Build configuration list for PBXNativeTarget "MusiclByLocationProject" */;
			buildPhases = (
				4CF8C19C27CFF192003F53B9 /* Sources */,
				4CF8C19D27CFF192003F53B9 /* Frameworks */,
				4CF8C19E27CFF192003F53B9 /* Resources */,
			);
			buildRules = (
			);
			dependencies = (
			);
			name = MusiclByLocationProject;
			productName = MusiclByLocationProject;
			productReference = 4CF8C1A027CFF192003F53B9 /* MusiclByLocationProject.app */;
			productType = "com.apple.product-type.application";
		};
		4CF8C1AF27CFF194003F53B9 /* MusiclByLocationProjectTests */ = {
			isa = PBXNativeTarget;
			buildConfigurationList = 4CF8C1C727CFF194003F53B9 /* Build configuration list for PBXNativeTarget "MusiclByLocationProjectTests" */;
			buildPhases = (
				4CF8C1AC27CFF194003F53B9 /* Sources */,
				4CF8C1AD27CFF194003F53B9 /* Frameworks */,
				4CF8C1AE27CFF194003F53B9 /* Resources */,
			);
			buildRules = (
			);
			dependencies = (
				4CF8C1B227CFF194003F53B9 /* PBXTargetDependency */,
			);
			name = MusiclByLocationProjectTests;
			productName = MusiclByLocationProjectTests;
			productReference = 4CF8C1B027CFF194003F53B9 /* MusiclByLocationProjectTests.xctest */;
			productType = "com.apple.product-type.bundle.unit-test";
		};
		4CF8C1B927CFF194003F53B9 /* MusiclByLocationProjectUITests */ = {
			isa = PBXNativeTarget;
			buildConfigurationList = 4CF8C1CA27CFF194003F53B9 /* Build configuration list for PBXNativeTarget "MusiclByLocationProjectUITests" */;
			buildPhases = (
				4CF8C1B627CFF194003F53B9 /* Sources */,
				4CF8C1B727CFF194003F53B9 /* Frameworks */,
				4CF8C1B827CFF194003F53B9 /* Resources */,
			);
			buildRules = (
			);
			dependencies = (
				4CF8C1BC27CFF194003F53B9 /* PBXTargetDependency */,
			);
			name = MusiclByLocationProjectUITests;
			productName = MusiclByLocationProjectUITests;
			productReference = 4CF8C1BA27CFF194003F53B9 /* MusiclByLocationProjectUITests.xctest */;
			productType = "com.apple.product-type.bundle.ui-testing";
		};
/* End PBXNativeTarget section */

/* Begin PBXProject section */
		4CF8C19827CFF192003F53B9 /* Project object */ = {
			isa = PBXProject;
			attributes = {
				BuildIndependentTargetsInParallel = 1;
				LastSwiftUpdateCheck = 1320;
				LastUpgradeCheck = 1320;
				TargetAttributes = {
					4CF8C19F27CFF192003F53B9 = {
						CreatedOnToolsVersion = 13.2.1;
					};
					4CF8C1AF27CFF194003F53B9 = {
						CreatedOnToolsVersion = 13.2.1;
						TestTargetID = 4CF8C19F27CFF192003F53B9;
					};
					4CF8C1B927CFF194003F53B9 = {
						CreatedOnToolsVersion = 13.2.1;
						TestTargetID = 4CF8C19F27CFF192003F53B9;
					};
				};
			};
			buildConfigurationList = 4CF8C19B27CFF192003F53B9 /* Build configuration list for PBXProject "MusiclByLocationProject" */;
			compatibilityVersion = "Xcode 13.0";
			developmentRegion = en;
			hasScannedForEncodings = 0;
			knownRegions = (
				en,
				Base,
			);
			mainGroup = 4CF8C19727CFF192003F53B9;
			productRefGroup = 4CF8C1A127CFF192003F53B9 /* Products */;
			projectDirPath = "";
			projectRoot = "";
			targets = (
				4CF8C19F27CFF192003F53B9 /* MusiclByLocationProject */,
				4CF8C1AF27CFF194003F53B9 /* MusiclByLocationProjectTests */,
				4CF8C1B927CFF194003F53B9 /* MusiclByLocationProjectUITests */,
			);
		};
/* End PBXProject section */

/* Begin PBXResourcesBuildPhase section */
		4CF8C19E27CFF192003F53B9 /* Resources */ = {
			isa = PBXResourcesBuildPhase;
			buildActionMask = 2147483647;
			files = (
				4CF8C1AB27CFF194003F53B9 /* Preview Assets.xcassets in Resources */,
				4CF8C1A827CFF194003F53B9 /* Assets.xcassets in Resources */,
			);
			runOnlyForDeploymentPostprocessing = 0;
		};
		4CF8C1AE27CFF194003F53B9 /* Resources */ = {
			isa = PBXResourcesBuildPhase;
			buildActionMask = 2147483647;
			files = (
			);
			runOnlyForDeploymentPostprocessing = 0;
		};
		4CF8C1B827CFF194003F53B9 /* Resources */ = {
			isa = PBXResourcesBuildPhase;
			buildActionMask = 2147483647;
			files = (
			);
			runOnlyForDeploymentPostprocessing = 0;
		};
/* End PBXResourcesBuildPhase section */

/* Begin PBXSourcesBuildPhase section */
		4CF8C19C27CFF192003F53B9 /* Sources */ = {
			isa = PBXSourcesBuildPhase;
			buildActionMask = 2147483647;
			files = (
				4CF8C1A627CFF192003F53B9 /* ContentView.swift in Sources */,
				4C22E5A327D01DE7001A81E3 /* StateController.swift in Sources */,
				4CF8C1A427CFF192003F53B9 /* MusiclByLocationProjectApp.swift in Sources */,
				4CF8C1CE27CFF1E4003F53B9 /* LocationManager.swift in Sources */,
			);
			runOnlyForDeploymentPostprocessing = 0;
		};
		4CF8C1AC27CFF194003F53B9 /* Sources */ = {
			isa = PBXSourcesBuildPhase;
			buildActionMask = 2147483647;
			files = (
				4CF8C1B527CFF194003F53B9 /* MusiclByLocationProjectTests.swift in Sources */,
			);
			runOnlyForDeploymentPostprocessing = 0;
		};
		4CF8C1B627CFF194003F53B9 /* Sources */ = {
			isa = PBXSourcesBuildPhase;
			buildActionMask = 2147483647;
			files = (
				4CF8C1BF27CFF194003F53B9 /* MusiclByLocationProjectUITests.swift in Sources */,
				4CF8C1C127CFF194003F53B9 /* MusiclByLocationProjectUITestsLaunchTests.swift in Sources */,
			);
			runOnlyForDeploymentPostprocessing = 0;
		};
/* End PBXSourcesBuildPhase section */

/* Begin PBXTargetDependency section */
		4CF8C1B227CFF194003F53B9 /* PBXTargetDependency */ = {
			isa = PBXTargetDependency;
			target = 4CF8C19F27CFF192003F53B9 /* MusiclByLocationProject */;
			targetProxy = 4CF8C1B127CFF194003F53B9 /* PBXContainerItemProxy */;
		};
		4CF8C1BC27CFF194003F53B9 /* PBXTargetDependency */ = {
			isa = PBXTargetDependency;
			target = 4CF8C19F27CFF192003F53B9 /* MusiclByLocationProject */;
			targetProxy = 4CF8C1BB27CFF194003F53B9 /* PBXContainerItemProxy */;
		};
/* End PBXTargetDependency section */

/* Begin XCBuildConfiguration section */
		4CF8C1C227CFF194003F53B9 /* Debug */ = {
			isa = XCBuildConfiguration;
			buildSettings = {
				ALWAYS_SEARCH_USER_PATHS = NO;
				CLANG_ANALYZER_NONNULL = YES;
				CLANG_ANALYZER_NUMBER_OBJECT_CONVERSION = YES_AGGRESSIVE;
				CLANG_CXX_LANGUAGE_STANDARD = "gnu++17";
				CLANG_CXX_LIBRARY = "libc++";
				CLANG_ENABLE_MODULES = YES;
				CLANG_ENABLE_OBJC_ARC = YES;
				CLANG_ENABLE_OBJC_WEAK = YES;
				CLANG_WARN_BLOCK_CAPTURE_AUTORELEASING = YES;
				CLANG_WARN_BOOL_CONVERSION = YES;
				CLANG_WARN_COMMA = YES;
				CLANG_WARN_CONSTANT_CONVERSION = YES;
				CLANG_WARN_DEPRECATED_OBJC_IMPLEMENTATIONS = YES;
				CLANG_WARN_DIRECT_OBJC_ISA_USAGE = YES_ERROR;
				CLANG_WARN_DOCUMENTATION_COMMENTS = YES;
				CLANG_WARN_EMPTY_BODY = YES;
				CLANG_WARN_ENUM_CONVERSION = YES;
				CLANG_WARN_INFINITE_RECURSION = YES;
				CLANG_WARN_INT_CONVERSION = YES;
				CLANG_WARN_NON_LITERAL_NULL_CONVERSION = YES;
				CLANG_WARN_OBJC_IMPLICIT_RETAIN_SELF = YES;
				CLANG_WARN_OBJC_LITERAL_CONVERSION = YES;
				CLANG_WARN_OBJC_ROOT_CLASS = YES_ERROR;
				CLANG_WARN_QUOTED_INCLUDE_IN_FRAMEWORK_HEADER = YES;
				CLANG_WARN_RANGE_LOOP_ANALYSIS = YES;
				CLANG_WARN_STRICT_PROTOTYPES = YES;
				CLANG_WARN_SUSPICIOUS_MOVE = YES;
				CLANG_WARN_UNGUARDED_AVAILABILITY = YES_AGGRESSIVE;
				CLANG_WARN_UNREACHABLE_CODE = YES;
				CLANG_WARN__DUPLICATE_METHOD_MATCH = YES;
				COPY_PHASE_STRIP = NO;
				DEBUG_INFORMATION_FORMAT = dwarf;
				ENABLE_STRICT_OBJC_MSGSEND = YES;
				ENABLE_TESTABILITY = YES;
				GCC_C_LANGUAGE_STANDARD = gnu11;
				GCC_DYNAMIC_NO_PIC = NO;
				GCC_NO_COMMON_BLOCKS = YES;
				GCC_OPTIMIZATION_LEVEL = 0;
				GCC_PREPROCESSOR_DEFINITIONS = (
					"DEBUG=1",
					"$(inherited)",
				);
				GCC_WARN_64_TO_32_BIT_CONVERSION = YES;
				GCC_WARN_ABOUT_RETURN_TYPE = YES_ERROR;
				GCC_WARN_UNDECLARED_SELECTOR = YES;
				GCC_WARN_UNINITIALIZED_AUTOS = YES_AGGRESSIVE;
				GCC_WARN_UNUSED_FUNCTION = YES;
				GCC_WARN_UNUSED_VARIABLE = YES;
				IPHONEOS_DEPLOYMENT_TARGET = 15.2;
				MTL_ENABLE_DEBUG_INFO = INCLUDE_SOURCE;
				MTL_FAST_MATH = YES;
				ONLY_ACTIVE_ARCH = YES;
				SDKROOT = iphoneos;
				SWIFT_ACTIVE_COMPILATION_CONDITIONS = DEBUG;
				SWIFT_OPTIMIZATION_LEVEL = "-Onone";
			};
			name = Debug;
		};
		4CF8C1C327CFF194003F53B9 /* Release */ = {
			isa = XCBuildConfiguration;
			buildSettings = {
				ALWAYS_SEARCH_USER_PATHS = NO;
				CLANG_ANALYZER_NONNULL = YES;
				CLANG_ANALYZER_NUMBER_OBJECT_CONVERSION = YES_AGGRESSIVE;
				CLANG_CXX_LANGUAGE_STANDARD = "gnu++17";
				CLANG_CXX_LIBRARY = "libc++";
				CLANG_ENABLE_MODULES = YES;
				CLANG_ENABLE_OBJC_ARC = YES;
				CLANG_ENABLE_OBJC_WEAK = YES;
				CLANG_WARN_BLOCK_CAPTURE_AUTORELEASING = YES;
				CLANG_WARN_BOOL_CONVERSION = YES;
				CLANG_WARN_COMMA = YES;
				CLANG_WARN_CONSTANT_CONVERSION = YES;
				CLANG_WARN_DEPRECATED_OBJC_IMPLEMENTATIONS = YES;
				CLANG_WARN_DIRECT_OBJC_ISA_USAGE = YES_ERROR;
				CLANG_WARN_DOCUMENTATION_COMMENTS = YES;
				CLANG_WARN_EMPTY_BODY = YES;
				CLANG_WARN_ENUM_CONVERSION = YES;
				CLANG_WARN_INFINITE_RECURSION = YES;
				CLANG_WARN_INT_CONVERSION = YES;
				CLANG_WARN_NON_LITERAL_NULL_CONVERSION = YES;
				CLANG_WARN_OBJC_IMPLICIT_RETAIN_SELF = YES;
				CLANG_WARN_OBJC_LITERAL_CONVERSION = YES;
				CLANG_WARN_OBJC_ROOT_CLASS = YES_ERROR;
				CLANG_WARN_QUOTED_INCLUDE_IN_FRAMEWORK_HEADER = YES;
				CLANG_WARN_RANGE_LOOP_ANALYSIS = YES;
				CLANG_WARN_STRICT_PROTOTYPES = YES;
				CLANG_WARN_SUSPICIOUS_MOVE = YES;
				CLANG_WARN_UNGUARDED_AVAILABILITY = YES_AGGRESSIVE;
				CLANG_WARN_UNREACHABLE_CODE = YES;
				CLANG_WARN__DUPLICATE_METHOD_MATCH = YES;
				COPY_PHASE_STRIP = NO;
				DEBUG_INFORMATION_FORMAT = "dwarf-with-dsym";
				ENABLE_NS_ASSERTIONS = NO;
				ENABLE_STRICT_OBJC_MSGSEND = YES;
				GCC_C_LANGUAGE_STANDARD = gnu11;
				GCC_NO_COMMON_BLOCKS = YES;
				GCC_WARN_64_TO_32_BIT_CONVERSION = YES;
				GCC_WARN_ABOUT_RETURN_TYPE = YES_ERROR;
				GCC_WARN_UNDECLARED_SELECTOR = YES;
				GCC_WARN_UNINITIALIZED_AUTOS = YES_AGGRESSIVE;
				GCC_WARN_UNUSED_FUNCTION = YES;
				GCC_WARN_UNUSED_VARIABLE = YES;
				IPHONEOS_DEPLOYMENT_TARGET = 15.2;
				MTL_ENABLE_DEBUG_INFO = NO;
				MTL_FAST_MATH = YES;
				SDKROOT = iphoneos;
				SWIFT_COMPILATION_MODE = wholemodule;
				SWIFT_OPTIMIZATION_LEVEL = "-O";
				VALIDATE_PRODUCT = YES;
			};
			name = Release;
		};
		4CF8C1C527CFF194003F53B9 /* Debug */ = {
			isa = XCBuildConfiguration;
			buildSettings = {
				ASSETCATALOG_COMPILER_APPICON_NAME = AppIcon;
				ASSETCATALOG_COMPILER_GLOBAL_ACCENT_COLOR_NAME = AccentColor;
				CODE_SIGN_STYLE = Automatic;
				CURRENT_PROJECT_VERSION = 1;
				DEVELOPMENT_ASSET_PATHS = "\"MusiclByLocationProject/Preview Content\"";
				ENABLE_PREVIEWS = YES;
				GENERATE_INFOPLIST_FILE = YES;
				INFOPLIST_FILE = MusiclByLocationProject/Info.plist;
				INFOPLIST_KEY_NSLocationWhenInUseUsageDescription = "This app needs your location to find music near you";
				INFOPLIST_KEY_UIApplicationSceneManifest_Generation = YES;
				INFOPLIST_KEY_UIApplicationSupportsIndirectInputEvents = YES;
				INFOPLIST_KEY_UILaunchScreen_Generation = YES;
				INFOPLIST_KEY_UISupportedInterfaceOrientations_iPad = "UIInterfaceOrientationPortrait UIInterfaceOrientationPortraitUpsideDown UIInterfaceOrientationLandscapeLeft UIInterfaceOrientationLandscapeRight";
				INFOPLIST_KEY_UISupportedInterfaceOrientations_iPhone = "UIInterfaceOrientationPortrait UIInterfaceOrientationLandscapeLeft UIInterfaceOrientationLandscapeRight";
				LD_RUNPATH_SEARCH_PATHS = (
					"$(inherited)",
					"@executable_path/Frameworks",
				);
				MARKETING_VERSION = 1.0;
				PRODUCT_BUNDLE_IDENTIFIER = "com.shanahan-k.MusiclByLocationProject";
				PRODUCT_NAME = "$(TARGET_NAME)";
				SWIFT_EMIT_LOC_STRINGS = YES;
				SWIFT_VERSION = 5.0;
				TARGETED_DEVICE_FAMILY = "1,2";
			};
			name = Debug;
		};
		4CF8C1C627CFF194003F53B9 /* Release */ = {
			isa = XCBuildConfiguration;
			buildSettings = {
				ASSETCATALOG_COMPILER_APPICON_NAME = AppIcon;
				ASSETCATALOG_COMPILER_GLOBAL_ACCENT_COLOR_NAME = AccentColor;
				CODE_SIGN_STYLE = Automatic;
				CURRENT_PROJECT_VERSION = 1;
				DEVELOPMENT_ASSET_PATHS = "\"MusiclByLocationProject/Preview Content\"";
				ENABLE_PREVIEWS = YES;
				GENERATE_INFOPLIST_FILE = YES;
				INFOPLIST_FILE = MusiclByLocationProject/Info.plist;
				INFOPLIST_KEY_NSLocationWhenInUseUsageDescription = "This app needs your location to find music near you";
				INFOPLIST_KEY_UIApplicationSceneManifest_Generation = YES;
				INFOPLIST_KEY_UIApplicationSupportsIndirectInputEvents = YES;
				INFOPLIST_KEY_UILaunchScreen_Generation = YES;
				INFOPLIST_KEY_UISupportedInterfaceOrientations_iPad = "UIInterfaceOrientationPortrait UIInterfaceOrientationPortraitUpsideDown UIInterfaceOrientationLandscapeLeft UIInterfaceOrientationLandscapeRight";
				INFOPLIST_KEY_UISupportedInterfaceOrientations_iPhone = "UIInterfaceOrientationPortrait UIInterfaceOrientationLandscapeLeft UIInterfaceOrientationLandscapeRight";
				LD_RUNPATH_SEARCH_PATHS = (
					"$(inherited)",
					"@executable_path/Frameworks",
				);
				MARKETING_VERSION = 1.0;
				PRODUCT_BUNDLE_IDENTIFIER = "com.shanahan-k.MusiclByLocationProject";
				PRODUCT_NAME = "$(TARGET_NAME)";
				SWIFT_EMIT_LOC_STRINGS = YES;
				SWIFT_VERSION = 5.0;
				TARGETED_DEVICE_FAMILY = "1,2";
			};
			name = Release;
		};
		4CF8C1C827CFF194003F53B9 /* Debug */ = {
			isa = XCBuildConfiguration;
			buildSettings = {
				ALWAYS_EMBED_SWIFT_STANDARD_LIBRARIES = YES;
				BUNDLE_LOADER = "$(TEST_HOST)";
				CODE_SIGN_STYLE = Automatic;
				CURRENT_PROJECT_VERSION = 1;
				GENERATE_INFOPLIST_FILE = YES;
				IPHONEOS_DEPLOYMENT_TARGET = 15.2;
				MARKETING_VERSION = 1.0;
				PRODUCT_BUNDLE_IDENTIFIER = "com.shanahan-k.MusiclByLocationProjectTests";
				PRODUCT_NAME = "$(TARGET_NAME)";
				SWIFT_EMIT_LOC_STRINGS = NO;
				SWIFT_VERSION = 5.0;
				TARGETED_DEVICE_FAMILY = "1,2";
				TEST_HOST = "$(BUILT_PRODUCTS_DIR)/MusiclByLocationProject.app/MusiclByLocationProject";
			};
			name = Debug;
		};
		4CF8C1C927CFF194003F53B9 /* Release */ = {
			isa = XCBuildConfiguration;
			buildSettings = {
				ALWAYS_EMBED_SWIFT_STANDARD_LIBRARIES = YES;
				BUNDLE_LOADER = "$(TEST_HOST)";
				CODE_SIGN_STYLE = Automatic;
				CURRENT_PROJECT_VERSION = 1;
				GENERATE_INFOPLIST_FILE = YES;
				IPHONEOS_DEPLOYMENT_TARGET = 15.2;
				MARKETING_VERSION = 1.0;
				PRODUCT_BUNDLE_IDENTIFIER = "com.shanahan-k.MusiclByLocationProjectTests";
				PRODUCT_NAME = "$(TARGET_NAME)";
				SWIFT_EMIT_LOC_STRINGS = NO;
				SWIFT_VERSION = 5.0;
				TARGETED_DEVICE_FAMILY = "1,2";
				TEST_HOST = "$(BUILT_PRODUCTS_DIR)/MusiclByLocationProject.app/MusiclByLocationProject";
			};
			name = Release;
		};
		4CF8C1CB27CFF194003F53B9 /* Debug */ = {
			isa = XCBuildConfiguration;
			buildSettings = {
				ALWAYS_EMBED_SWIFT_STANDARD_LIBRARIES = YES;
				CODE_SIGN_STYLE = Automatic;
				CURRENT_PROJECT_VERSION = 1;
				GENERATE_INFOPLIST_FILE = YES;
				MARKETING_VERSION = 1.0;
				PRODUCT_BUNDLE_IDENTIFIER = "com.shanahan-k.MusiclByLocationProjectUITests";
				PRODUCT_NAME = "$(TARGET_NAME)";
				SWIFT_EMIT_LOC_STRINGS = NO;
				SWIFT_VERSION = 5.0;
				TARGETED_DEVICE_FAMILY = "1,2";
				TEST_TARGET_NAME = MusiclByLocationProject;
			};
			name = Debug;
		};
		4CF8C1CC27CFF194003F53B9 /* Release */ = {
			isa = XCBuildConfiguration;
			buildSettings = {
				ALWAYS_EMBED_SWIFT_STANDARD_LIBRARIES = YES;
				CODE_SIGN_STYLE = Automatic;
				CURRENT_PROJECT_VERSION = 1;
				GENERATE_INFOPLIST_FILE = YES;
				MARKETING_VERSION = 1.0;
				PRODUCT_BUNDLE_IDENTIFIER = "com.shanahan-k.MusiclByLocationProjectUITests";
				PRODUCT_NAME = "$(TARGET_NAME)";
				SWIFT_EMIT_LOC_STRINGS = NO;
				SWIFT_VERSION = 5.0;
				TARGETED_DEVICE_FAMILY = "1,2";
				TEST_TARGET_NAME = MusiclByLocationProject;
			};
			name = Release;
		};
/* End XCBuildConfiguration section */

/* Begin XCConfigurationList section */
		4CF8C19B27CFF192003F53B9 /* Build configuration list for PBXProject "MusiclByLocationProject" */ = {
			isa = XCConfigurationList;
			buildConfigurations = (
				4CF8C1C227CFF194003F53B9 /* Debug */,
				4CF8C1C327CFF194003F53B9 /* Release */,
			);
			defaultConfigurationIsVisible = 0;
			defaultConfigurationName = Release;
		};
		4CF8C1C427CFF194003F53B9 /* Build configuration list for PBXNativeTarget "MusiclByLocationProject" */ = {
			isa = XCConfigurationList;
			buildConfigurations = (
				4CF8C1C527CFF194003F53B9 /* Debug */,
				4CF8C1C627CFF194003F53B9 /* Release */,
			);
			defaultConfigurationIsVisible = 0;
			defaultConfigurationName = Release;
		};
		4CF8C1C727CFF194003F53B9 /* Build configuration list for PBXNativeTarget "MusiclByLocationProjectTests" */ = {
			isa = XCConfigurationList;
			buildConfigurations = (
				4CF8C1C827CFF194003F53B9 /* Debug */,
				4CF8C1C927CFF194003F53B9 /* Release */,
			);
			defaultConfigurationIsVisible = 0;
			defaultConfigurationName = Release;
		};
		4CF8C1CA27CFF194003F53B9 /* Build configuration list for PBXNativeTarget "MusiclByLocationProjectUITests" */ = {
			isa = XCConfigurationList;
			buildConfigurations = (
				4CF8C1CB27CFF194003F53B9 /* Debug */,
				4CF8C1CC27CFF194003F53B9 /* Release */,
			);
			defaultConfigurationIsVisible = 0;
			defaultConfigurationName = Release;
		};
/* End XCConfigurationList section */
	};
	rootObject = 4CF8C19827CFF192003F53B9 /* Project object */;
}
